// !$*UTF8*$!
{
	archiveVersion = 1;
	classes = {
	};
	objectVersion = 52;
	objects = {

/* Begin PBXBuildFile section */
		3EC0AE3B24DDC89C00208E83 /* AppDelegate.swift in Sources */ = {isa = PBXBuildFile; fileRef = 3EC0AE3A24DDC89C00208E83 /* AppDelegate.swift */; };
		3EC0AE3D24DDC89C00208E83 /* SceneDelegate.swift in Sources */ = {isa = PBXBuildFile; fileRef = 3EC0AE3C24DDC89C00208E83 /* SceneDelegate.swift */; };
		3EC0AE3F24DDC89C00208E83 /* ContentView.swift in Sources */ = {isa = PBXBuildFile; fileRef = 3EC0AE3E24DDC89C00208E83 /* ContentView.swift */; };
		3EC0AE4124DDC89F00208E83 /* Assets.xcassets in Resources */ = {isa = PBXBuildFile; fileRef = 3EC0AE4024DDC89F00208E83 /* Assets.xcassets */; };
		3EC0AE4424DDC89F00208E83 /* Preview Assets.xcassets in Resources */ = {isa = PBXBuildFile; fileRef = 3EC0AE4324DDC89F00208E83 /* Preview Assets.xcassets */; };
		3EC0AE4724DDC89F00208E83 /* LaunchScreen.storyboard in Resources */ = {isa = PBXBuildFile; fileRef = 3EC0AE4524DDC89F00208E83 /* LaunchScreen.storyboard */; };
		3EC0AE5024DDC8F300208E83 /* BottomBar-SwiftUI in Frameworks */ = {isa = PBXBuildFile; productRef = 3EC0AE4F24DDC8F300208E83 /* BottomBar-SwiftUI */; };
/* End PBXBuildFile section */

/* Begin PBXFileReference section */
		3EC0AE3724DDC89C00208E83 /* needwork-bottombar-testarea.app */ = {isa = PBXFileReference; explicitFileType = wrapper.application; includeInIndex = 0; path = "needwork-bottombar-testarea.app"; sourceTree = BUILT_PRODUCTS_DIR; };
		3EC0AE3A24DDC89C00208E83 /* AppDelegate.swift */ = {isa = PBXFileReference; lastKnownFileType = sourcecode.swift; path = AppDelegate.swift; sourceTree = "<group>"; };
		3EC0AE3C24DDC89C00208E83 /* SceneDelegate.swift */ = {isa = PBXFileReference; lastKnownFileType = sourcecode.swift; path = SceneDelegate.swift; sourceTree = "<group>"; };
		3EC0AE3E24DDC89C00208E83 /* ContentView.swift */ = {isa = PBXFileReference; lastKnownFileType = sourcecode.swift; path = ContentView.swift; sourceTree = "<group>"; };
		3EC0AE4024DDC89F00208E83 /* Assets.xcassets */ = {isa = PBXFileReference; lastKnownFileType = folder.assetcatalog; path = Assets.xcassets; sourceTree = "<group>"; };
		3EC0AE4324DDC89F00208E83 /* Preview Assets.xcassets */ = {isa = PBXFileReference; lastKnownFileType = folder.assetcatalog; path = "Preview Assets.xcassets"; sourceTree = "<group>"; };
		3EC0AE4624DDC89F00208E83 /* Base */ = {isa = PBXFileReference; lastKnownFileType = file.storyboard; name = Base; path = Base.lproj/LaunchScreen.storyboard; sourceTree = "<group>"; };
		3EC0AE4824DDC89F00208E83 /* Info.plist */ = {isa = PBXFileReference; lastKnownFileType = text.plist.xml; path = Info.plist; sourceTree = "<group>"; };
/* End PBXFileReference section */

/* Begin PBXFrameworksBuildPhase section */
		3EC0AE3424DDC89C00208E83 /* Frameworks */ = {
			isa = PBXFrameworksBuildPhase;
			buildActionMask = 2147483647;
			files = (
				3EC0AE5024DDC8F300208E83 /* BottomBar-SwiftUI in Frameworks */,
			);
			runOnlyForDeploymentPostprocessing = 0;
		};
/* End PBXFrameworksBuildPhase section */

/* Begin PBXGroup section */
		3EC0AE2E24DDC89C00208E83 = {
			isa = PBXGroup;
			children = (
				3EC0AE3924DDC89C00208E83 /* needwork-bottombar-testarea */,
				3EC0AE3824DDC89C00208E83 /* Products */,
			);
			sourceTree = "<group>";
		};
		3EC0AE3824DDC89C00208E83 /* Products */ = {
			isa = PBXGroup;
			children = (
				3EC0AE3724DDC89C00208E83 /* needwork-bottombar-testarea.app */,
			);
			name = Products;
			sourceTree = "<group>";
		};
		3EC0AE3924DDC89C00208E83 /* needwork-bottombar-testarea */ = {
			isa = PBXGroup;
			children = (
				3EC0AE3A24DDC89C00208E83 /* AppDelegate.swift */,
				3EC0AE3C24DDC89C00208E83 /* SceneDelegate.swift */,
				3EC0AE3E24DDC89C00208E83 /* ContentView.swift */,
				3EC0AE4024DDC89F00208E83 /* Assets.xcassets */,
				3EC0AE4524DDC89F00208E83 /* LaunchScreen.storyboard */,
				3EC0AE4824DDC89F00208E83 /* Info.plist */,
				3EC0AE4224DDC89F00208E83 /* Preview Content */,
			);
			path = "needwork-bottombar-testarea";
			sourceTree = "<group>";
		};
		3EC0AE4224DDC89F00208E83 /* Preview Content */ = {
			isa = PBXGroup;
			children = (
				3EC0AE4324DDC89F00208E83 /* Preview Assets.xcassets */,
			);
			path = "Preview Content";
			sourceTree = "<group>";
		};
/* End PBXGroup section */

/* Begin PBXNativeTarget section */
		3EC0AE3624DDC89C00208E83 /* needwork-bottombar-testarea */ = {
			isa = PBXNativeTarget;
			buildConfigurationList = 3EC0AE4B24DDC89F00208E83 /* Build configuration list for PBXNativeTarget "needwork-bottombar-testarea" */;
			buildPhases = (
				3EC0AE3324DDC89C00208E83 /* Sources */,
				3EC0AE3424DDC89C00208E83 /* Frameworks */,
				3EC0AE3524DDC89C00208E83 /* Resources */,
			);
			buildRules = (
			);
			dependencies = (
			);
			name = "needwork-bottombar-testarea";
			packageProductDependencies = (
				3EC0AE4F24DDC8F300208E83 /* BottomBar-SwiftUI */,
			);
			productName = "needwork-bottombar-testarea";
			productReference = 3EC0AE3724DDC89C00208E83 /* needwork-bottombar-testarea.app */;
			productType = "com.apple.product-type.application";
		};
/* End PBXNativeTarget section */

/* Begin PBXProject section */
		3EC0AE2F24DDC89C00208E83 /* Project object */ = {
			isa = PBXProject;
			attributes = {
				LastSwiftUpdateCheck = 1150;
				LastUpgradeCheck = 1150;
				ORGANIZATIONNAME = "Baris Tikir";
				TargetAttributes = {
					3EC0AE3624DDC89C00208E83 = {
						CreatedOnToolsVersion = 11.5;
					};
				};
			};
			buildConfigurationList = 3EC0AE3224DDC89C00208E83 /* Build configuration list for PBXProject "needwork-bottombar-testarea" */;
			compatibilityVersion = "Xcode 9.3";
			developmentRegion = en;
			hasScannedForEncodings = 0;
			knownRegions = (
				en,
				Base,
			);
			mainGroup = 3EC0AE2E24DDC89C00208E83;
			packageReferences = (
				3EC0AE4E24DDC8F300208E83 /* XCRemoteSwiftPackageReference "bottombar-swiftui" */,
			);
			productRefGroup = 3EC0AE3824DDC89C00208E83 /* Products */;
			projectDirPath = "";
			projectRoot = "";
			targets = (
				3EC0AE3624DDC89C00208E83 /* needwork-bottombar-testarea */,
			);
		};
/* End PBXProject section */

/* Begin PBXResourcesBuildPhase section */
		3EC0AE3524DDC89C00208E83 /* Resources */ = {
			isa = PBXResourcesBuildPhase;
			buildActionMask = 2147483647;
			files = (
				3EC0AE4724DDC89F00208E83 /* LaunchScreen.storyboard in Resources */,
				3EC0AE4424DDC89F00208E83 /* Preview Assets.xcassets in Resources */,
				3EC0AE4124DDC89F00208E83 /* Assets.xcassets in Resources */,
			);
			runOnlyForDeploymentPostprocessing = 0;
		};
/* End PBXResourcesBuildPhase section */

/* Begin PBXSourcesBuildPhase section */
		3EC0AE3324DDC89C00208E83 /* Sources */ = {
			isa = PBXSourcesBuildPhase;
			buildActionMask = 2147483647;
			files = (
				3EC0AE3B24DDC89C00208E83 /* AppDelegate.swift in Sources */,
				3EC0AE3D24DDC89C00208E83 /* SceneDelegate.swift in Sources */,
				3EC0AE3F24DDC89C00208E83 /* ContentView.swift in Sources */,
			);
			runOnlyForDeploymentPostprocessing = 0;
		};
/* End PBXSourcesBuildPhase section */

/* Begin PBXVariantGroup section */
		3EC0AE4524DDC89F00208E83 /* LaunchScreen.storyboard */ = {
			isa = PBXVariantGroup;
			children = (
				3EC0AE4624DDC89F00208E83 /* Base */,
			);
			name = LaunchScreen.storyboard;
			sourceTree = "<group>";
		};
/* End PBXVariantGroup section */

/* Begin XCBuildConfiguration section */
		3EC0AE4924DDC89F00208E83 /* Debug */ = {
			isa = XCBuildConfiguration;
			buildSettings = {
				ALWAYS_SEARCH_USER_PATHS = NO;
				CLANG_ANALYZER_NONNULL = YES;
				CLANG_ANALYZER_NUMBER_OBJECT_CONVERSION = YES_AGGRESSIVE;
				CLANG_CXX_LANGUAGE_STANDARD = "gnu++14";
				CLANG_CXX_LIBRARY = "libc++";
				CLANG_ENABLE_MODULES = YES;
				CLANG_ENABLE_OBJC_ARC = YES;
				CLANG_ENABLE_OBJC_WEAK = YES;
				CLANG_WARN_BLOCK_CAPTURE_AUTORELEASING = YES;
				CLANG_WARN_BOOL_CONVERSION = YES;
				CLANG_WARN_COMMA = YES;
				CLANG_WARN_CONSTANT_CONVERSION = YES;
				CLANG_WARN_DEPRECATED_OBJC_IMPLEMENTATIONS = YES;
				CLANG_WARN_DIRECT_OBJC_ISA_USAGE = YES_ERROR;
				CLANG_WARN_DOCUMENTATION_COMMENTS = YES;
				CLANG_WARN_EMPTY_BODY = YES;
				CLANG_WARN_ENUM_CONVERSION = YES;
				CLANG_WARN_INFINITE_RECURSION = YES;
				CLANG_WARN_INT_CONVERSION = YES;
				CLANG_WARN_NON_LITERAL_NULL_CONVERSION = YES;
				CLANG_WARN_OBJC_IMPLICIT_RETAIN_SELF = YES;
				CLANG_WARN_OBJC_LITERAL_CONVERSION = YES;
				CLANG_WARN_OBJC_ROOT_CLASS = YES_ERROR;
				CLANG_WARN_RANGE_LOOP_ANALYSIS = YES;
				CLANG_WARN_STRICT_PROTOTYPES = YES;
				CLANG_WARN_SUSPICIOUS_MOVE = YES;
				CLANG_WARN_UNGUARDED_AVAILABILITY = YES_AGGRESSIVE;
				CLANG_WARN_UNREACHABLE_CODE = YES;
				CLANG_WARN__DUPLICATE_METHOD_MATCH = YES;
				COPY_PHASE_STRIP = NO;
				DEBUG_INFORMATION_FORMAT = dwarf;
				ENABLE_STRICT_OBJC_MSGSEND = YES;
				ENABLE_TESTABILITY = YES;
				GCC_C_LANGUAGE_STANDARD = gnu11;
				GCC_DYNAMIC_NO_PIC = NO;
				GCC_NO_COMMON_BLOCKS = YES;
				GCC_OPTIMIZATION_LEVEL = 0;
				GCC_PREPROCESSOR_DEFINITIONS = (
					"DEBUG=1",
					"$(inherited)",
				);
				GCC_WARN_64_TO_32_BIT_CONVERSION = YES;
				GCC_WARN_ABOUT_RETURN_TYPE = YES_ERROR;
				GCC_WARN_UNDECLARED_SELECTOR = YES;
				GCC_WARN_UNINITIALIZED_AUTOS = YES_AGGRESSIVE;
				GCC_WARN_UNUSED_FUNCTION = YES;
				GCC_WARN_UNUSED_VARIABLE = YES;
				IPHONEOS_DEPLOYMENT_TARGET = 13.5;
				MTL_ENABLE_DEBUG_INFO = INCLUDE_SOURCE;
				MTL_FAST_MATH = YES;
				ONLY_ACTIVE_ARCH = YES;
				SDKROOT = iphoneos;
				SWIFT_ACTIVE_COMPILATION_CONDITIONS = DEBUG;
				SWIFT_OPTIMIZATION_LEVEL = "-Onone";
			};
			name = Debug;
		};
		3EC0AE4A24DDC89F00208E83 /* Release */ = {
			isa = XCBuildConfiguration;
			buildSettings = {
				ALWAYS_SEARCH_USER_PATHS = NO;
				CLANG_ANALYZER_NONNULL = YES;
				CLANG_ANALYZER_NUMBER_OBJECT_CONVERSION = YES_AGGRESSIVE;
				CLANG_CXX_LANGUAGE_STANDARD = "gnu++14";
				CLANG_CXX_LIBRARY = "libc++";
				CLANG_ENABLE_MODULES = YES;
				CLANG_ENABLE_OBJC_ARC = YES;
				CLANG_ENABLE_OBJC_WEAK = YES;
				CLANG_WARN_BLOCK_CAPTURE_AUTORELEASING = YES;
				CLANG_WARN_BOOL_CONVERSION = YES;
				CLANG_WARN_COMMA = YES;
				CLANG_WARN_CONSTANT_CONVERSION = YES;
				CLANG_WARN_DEPRECATED_OBJC_IMPLEMENTATIONS = YES;
				CLANG_WARN_DIRECT_OBJC_ISA_USAGE = YES_ERROR;
				CLANG_WARN_DOCUMENTATION_COMMENTS = YES;
				CLANG_WARN_EMPTY_BODY = YES;
				CLANG_WARN_ENUM_CONVERSION = YES;
				CLANG_WARN_INFINITE_RECURSION = YES;
				CLANG_WARN_INT_CONVERSION = YES;
				CLANG_WARN_NON_LITERAL_NULL_CONVERSION = YES;
				CLANG_WARN_OBJC_IMPLICIT_RETAIN_SELF = YES;
				CLANG_WARN_OBJC_LITERAL_CONVERSION = YES;
				CLANG_WARN_OBJC_ROOT_CLASS = YES_ERROR;
				CLANG_WARN_RANGE_LOOP_ANALYSIS = YES;
				CLANG_WARN_STRICT_PROTOTYPES = YES;
				CLANG_WARN_SUSPICIOUS_MOVE = YES;
				CLANG_WARN_UNGUARDED_AVAILABILITY = YES_AGGRESSIVE;
				CLANG_WARN_UNREACHABLE_CODE = YES;
				CLANG_WARN__DUPLICATE_METHOD_MATCH = YES;
				COPY_PHASE_STRIP = NO;
				DEBUG_INFORMATION_FORMAT = "dwarf-with-dsym";
				ENABLE_NS_ASSERTIONS = NO;
				ENABLE_STRICT_OBJC_MSGSEND = YES;
				GCC_C_LANGUAGE_STANDARD = gnu11;
				GCC_NO_COMMON_BLOCKS = YES;
				GCC_WARN_64_TO_32_BIT_CONVERSION = YES;
				GCC_WARN_ABOUT_RETURN_TYPE = YES_ERROR;
				GCC_WARN_UNDECLARED_SELECTOR = YES;
				GCC_WARN_UNINITIALIZED_AUTOS = YES_AGGRESSIVE;
				GCC_WARN_UNUSED_FUNCTION = YES;
				GCC_WARN_UNUSED_VARIABLE = YES;
				IPHONEOS_DEPLOYMENT_TARGET = 13.5;
				MTL_ENABLE_DEBUG_INFO = NO;
				MTL_FAST_MATH = YES;
				SDKROOT = iphoneos;
				SWIFT_COMPILATION_MODE = wholemodule;
				SWIFT_OPTIMIZATION_LEVEL = "-O";
				VALIDATE_PRODUCT = YES;
			};
			name = Release;
		};
		3EC0AE4C24DDC89F00208E83 /* Debug */ = {
			isa = XCBuildConfiguration;
			buildSettings = {
				ASSETCATALOG_COMPILER_APPICON_NAME = AppIcon;
				CODE_SIGN_STYLE = Automatic;
				DEVELOPMENT_ASSET_PATHS = "\"needwork-bottombar-testarea/Preview Content\"";
				ENABLE_PREVIEWS = YES;
				INFOPLIST_FILE = "needwork-bottombar-testarea/Info.plist";
				LD_RUNPATH_SEARCH_PATHS = (
					"$(inherited)",
					"@executable_path/Frameworks",
				);
				PRODUCT_BUNDLE_IDENTIFIER = "com.brstkr.needwork-bottombar-testarea";
				PRODUCT_NAME = "$(TARGET_NAME)";
				SWIFT_VERSION = 5.0;
				TARGETED_DEVICE_FAMILY = "1,2";
			};
			name = Debug;
		};
		3EC0AE4D24DDC89F00208E83 /* Release */ = {
			isa = XCBuildConfiguration;
			buildSettings = {
				ASSETCATALOG_COMPILER_APPICON_NAME = AppIcon;
				CODE_SIGN_STYLE = Automatic;
				DEVELOPMENT_ASSET_PATHS = "\"needwork-bottombar-testarea/Preview Content\"";
				ENABLE_PREVIEWS = YES;
				INFOPLIST_FILE = "needwork-bottombar-testarea/Info.plist";
				LD_RUNPATH_SEARCH_PATHS = (
					"$(inherited)",
					"@executable_path/Frameworks",
				);
				PRODUCT_BUNDLE_IDENTIFIER = "com.brstkr.needwork-bottombar-testarea";
				PRODUCT_NAME = "$(TARGET_NAME)";
				SWIFT_VERSION = 5.0;
				TARGETED_DEVICE_FAMILY = "1,2";
			};
			name = Release;
		};
/* End XCBuildConfiguration section */

/* Begin XCConfigurationList section */
		3EC0AE3224DDC89C00208E83 /* Build configuration list for PBXProject "needwork-bottombar-testarea" */ = {
			isa = XCConfigurationList;
			buildConfigurations = (
				3EC0AE4924DDC89F00208E83 /* Debug */,
				3EC0AE4A24DDC89F00208E83 /* Release */,
			);
			defaultConfigurationIsVisible = 0;
			defaultConfigurationName = Release;
		};
		3EC0AE4B24DDC89F00208E83 /* Build configuration list for PBXNativeTarget "needwork-bottombar-testarea" */ = {
			isa = XCConfigurationList;
			buildConfigurations = (
				3EC0AE4C24DDC89F00208E83 /* Debug */,
				3EC0AE4D24DDC89F00208E83 /* Release */,
			);
			defaultConfigurationIsVisible = 0;
			defaultConfigurationName = Release;
		};
/* End XCConfigurationList section */

/* Begin XCRemoteSwiftPackageReference section */
		3EC0AE4E24DDC8F300208E83 /* XCRemoteSwiftPackageReference "bottombar-swiftui" */ = {
			isa = XCRemoteSwiftPackageReference;
			repositoryURL = "https://github.com/smartvipere75/bottombar-swiftui";
			requirement = {
				branch = master;
				kind = branch;
			};
		};
/* End XCRemoteSwiftPackageReference section */

/* Begin XCSwiftPackageProductDependency section */
		3EC0AE4F24DDC8F300208E83 /* BottomBar-SwiftUI */ = {
			isa = XCSwiftPackageProductDependency;
			package = 3EC0AE4E24DDC8F300208E83 /* XCRemoteSwiftPackageReference "bottombar-swiftui" */;
			productName = "BottomBar-SwiftUI";
		};
/* End XCSwiftPackageProductDependency section */
	};
	rootObject = 3EC0AE2F24DDC89C00208E83 /* Project object */;
}
